
Microsoft Visual Studio Solution File, Format Version 12.00
# Visual Studio 15
VisualStudioVersion = 15.0.28307.1022
MinimumVisualStudioVersion = 10.0.40219.1
Project("{FAE04EC0-301F-11D3-BF4B-00C04F79EFBC}") = "webapp", "webapp\webapp.csproj", "{F4757589-809A-411A-A132-04CC507510FE}"
EndProject
Global
	GlobalSection(SolutionConfigurationPlatforms) = preSolution
		Debug|Any CPU = Debug|Any CPU
		Release|Any CPU = Release|Any CPU
	EndGlobalSection
	GlobalSection(ProjectConfigurationPlatforms) = postSolution
		{F4757589-809A-411A-A132-04CC507510FE}.Debug|Any CPU.ActiveCfg = Debug|Any CPU
		{F4757589-809A-411A-A132-04CC507510FE}.Debug|Any CPU.Build.0 = Debug|Any CPU
		{F4757589-809A-411A-A132-04CC507510FE}.Release|Any CPU.ActiveCfg = Release|Any CPU
		{F4757589-809A-411A-A132-04CC507510FE}.Release|Any CPU.Build.0 = Release|Any CPU
	EndGlobalSection
	GlobalSection(SolutionProperties) = preSolution
		HideSolutionNode = FALSE
	EndGlobalSection
	GlobalSection(ExtensibilityGlobals) = postSolution
		SolutionGuid = {2F0FF2C8-A16E-4EA5-814E-E58E573969BC}
	EndGlobalSection
EndGlobal
